Microsoft Visual Studio Solution File, Format Version 12.00
# Visual Studio Version 17
VisualStudioVersion = 17.5.2.0
MinimumVisualStudioVersion = 10.0.40219.1
Project("{FAE04EC0-301F-11D3-BF4B-00C04F79EFBC}") = "FactoryManagement", "FactoryManagement.csproj", "{5A556C26-3B17-DE56-642B-4DA0B142DD1D}"
EndProject
Global
	GlobalSection(SolutionConfigurationPlatforms) = preSolution
		Debug|Any CPU = Debug|Any CPU
		Release|Any CPU = Release|Any CPU
	EndGlobalSection
	GlobalSection(ProjectConfigurationPlatforms) = postSolution
		{5A556C26-3B17-DE56-642B-4DA0B142DD1D}.Debug|Any CPU.ActiveCfg = Debug|Any CPU
		{5A556C26-3B17-DE56-642B-4DA0B142DD1D}.Debug|Any CPU.Build.0 = Debug|Any CPU
		{5A556C26-3B17-DE56-642B-4DA0B142DD1D}.Release|Any CPU.ActiveCfg = Release|Any CPU
		{5A556C26-3B17-DE56-642B-4DA0B142DD1D}.Release|Any CPU.Build.0 = Release|Any CPU
	EndGlobalSection
	GlobalSection(SolutionProperties) = preSolution
		HideSolutionNode = FALSE
	EndGlobalSection
	GlobalSection(ExtensibilityGlobals) = postSolution
		SolutionGuid = {C5FB8694-10B6-43F0-9C69-154AC84DEC8E}
	EndGlobalSection
EndGlobal
